
Microsoft Visual Studio Solution File, Format Version 12.00
# Visual Studio Version 16
VisualStudioVersion = 16.0.31624.102
MinimumVisualStudioVersion = 10.0.40219.1
Project("{FAE04EC0-301F-11D3-BF4B-00C04F79EFBC}") = "ASPdotNETExample", "ASPdotNETExample\ASPdotNETExample.csproj", "{6B2F5A35-E530-411A-BB8A-211BFDEB7CAC}"
EndProject
Global
	GlobalSection(SolutionConfigurationPlatforms) = preSolution
		Debug|Any CPU = Debug|Any CPU
		Release|Any CPU = Release|Any CPU
	EndGlobalSection
	GlobalSection(ProjectConfigurationPlatforms) = postSolution
		{6B2F5A35-E530-411A-BB8A-211BFDEB7CAC}.Debug|Any CPU.ActiveCfg = Debug|Any CPU
		{6B2F5A35-E530-411A-BB8A-211BFDEB7CAC}.Debug|Any CPU.Build.0 = Debug|Any CPU
		{6B2F5A35-E530-411A-BB8A-211BFDEB7CAC}.Release|Any CPU.ActiveCfg = Release|Any CPU
		{6B2F5A35-E530-411A-BB8A-211BFDEB7CAC}.Release|Any CPU.Build.0 = Release|Any CPU
	EndGlobalSection
	GlobalSection(SolutionProperties) = preSolution
		HideSolutionNode = FALSE
	EndGlobalSection
	GlobalSection(ExtensibilityGlobals) = postSolution
		SolutionGuid = {C1881E95-64A6-49E5-8FB4-92551A99CA92}
	EndGlobalSection
EndGlobal
